
Microsoft Visual Studio Solution File, Format Version 12.00
# Visual Studio Version 16
VisualStudioVersion = 16.0.32228.343
MinimumVisualStudioVersion = 10.0.40219.1
Project("{8BC9CEB8-8B4A-11D0-8D11-00A0C91BC942}") = "Merge_Measure_GlueWidth", "Merge_Measure_GlueWidth.vcxproj", "{298389F3-790A-420D-A172-DF21EB06885A}"
EndProject
Global
	GlobalSection(SolutionConfigurationPlatforms) = preSolution
		Debug|x64 = Debug|x64
		Debug|x86 = Debug|x86
		Release|x64 = Release|x64
		Release|x86 = Release|x86
	EndGlobalSection
	GlobalSection(ProjectConfigurationPlatforms) = postSolution
		{298389F3-790A-420D-A172-DF21EB06885A}.Debug|x64.ActiveCfg = Debug|x64
		{298389F3-790A-420D-A172-DF21EB06885A}.Debug|x64.Build.0 = Debug|x64
		{298389F3-790A-420D-A172-DF21EB06885A}.Debug|x86.ActiveCfg = Debug|Win32
		{298389F3-790A-420D-A172-DF21EB06885A}.Debug|x86.Build.0 = Debug|Win32
		{298389F3-790A-420D-A172-DF21EB06885A}.Release|x64.ActiveCfg = Release|x64
		{298389F3-790A-420D-A172-DF21EB06885A}.Release|x64.Build.0 = Release|x64
		{298389F3-790A-420D-A172-DF21EB06885A}.Release|x86.ActiveCfg = Release|Win32
		{298389F3-790A-420D-A172-DF21EB06885A}.Release|x86.Build.0 = Release|Win32
	EndGlobalSection
	GlobalSection(SolutionProperties) = preSolution
		HideSolutionNode = FALSE
	EndGlobalSection
	GlobalSection(ExtensibilityGlobals) = postSolution
		SolutionGuid = {AE29AC39-1C67-495B-9131-4DD9EB86A42B}
	EndGlobalSection
EndGlobal
